PODS:
  - NetcoPullToRefresh (0.1.0):
    - NVActivityIndicatorView (~> 4.8.0)
    - RxCocoa (~> 5)
    - RxSwift (~> 5)
  - NVActivityIndicatorView (4.8.0):
    - NVActivityIndicatorView/Presenter (= 4.8.0)
  - NVActivityIndicatorView/Presenter (4.8.0)
  - RxCocoa (5.1.1):
    - RxRelay (~> 5)
    - RxSwift (~> 5)
  - RxRelay (5.1.1):
    - RxSwift (~> 5)
  - RxSwift (5.1.1)

DEPENDENCIES:
  - NetcoPullToRefresh (from `../`)

SPEC REPOS:
  https://github.com/CocoaPods/Specs.git:
    - NVActivityIndicatorView
    - RxCocoa
    - RxRelay
    - RxSwift

EXTERNAL SOURCES:
  NetcoPullToRefresh:
    :path: "../"

SPEC CHECKSUMS:
  NetcoPullToRefresh: 74b0db495d49d8d67bc20c62a7d4d6dd84088357
  NVActivityIndicatorView: d24b7ebcf80af5dcd994adb650e2b6c93379270f
  RxCocoa: 32065309a38d29b5b0db858819b5bf9ef038b601
  RxRelay: d77f7d771495f43c556cbc43eebd1bb54d01e8e9
  RxSwift: 81470a2074fa8780320ea5fe4102807cb7118178

PODFILE CHECKSUM: abf16b2ecf1ca980f58b04dfa7c04cd781414bc4

COCOAPODS: 1.9.3
